// !$*UTF8*$!
{
	archiveVersion = 1;
	classes = {
	};
	objectVersion = 63;
	objects = {

/* Begin PBXBuildFile section */
		EC292FDD2CE7A6A500E9C8A3 /* ViewController.swift in Sources */ = {isa = PBXBuildFile; fileRef = EC292FD12CE7A6A500E9C8A3 /* ViewController.swift */; };
		EC292FDE2CE7A6A500E9C8A3 /* LabelSliderView.swift in Sources */ = {isa = PBXBuildFile; fileRef = EC292FD32CE7A6A500E9C8A3 /* LabelSliderView.swift */; };
		EC292FDF2CE7A6A500E9C8A3 /* AppDelegate.swift in Sources */ = {isa = PBXBuildFile; fileRef = EC292FD52CE7A6A500E9C8A3 /* AppDelegate.swift */; };
		EC292FE02CE7A6A500E9C8A3 /* SceneDelegate.swift in Sources */ = {isa = PBXBuildFile; fileRef = EC292FDA2CE7A6A500E9C8A3 /* SceneDelegate.swift */; };
		EC292FE12CE7A6A500E9C8A3 /* UIView+AddSubviews.swift in Sources */ = {isa = PBXBuildFile; fileRef = EC292FDB2CE7A6A500E9C8A3 /* UIView+AddSubviews.swift */; };
		EC292FE22CE7A6A500E9C8A3 /* Assets.xcassets in Resources */ = {isa = PBXBuildFile; fileRef = EC292FD62CE7A6A500E9C8A3 /* Assets.xcassets */; };
		EC292FE42CE7A6A500E9C8A3 /* LaunchScreen.storyboard in Resources */ = {isa = PBXBuildFile; fileRef = EC292FD92CE7A6A500E9C8A3 /* LaunchScreen.storyboard */; };
/* End PBXBuildFile section */

/* Begin PBXFileReference section */
		EC292FD12CE7A6A500E9C8A3 /* ViewController.swift */ = {isa = PBXFileReference; lastKnownFileType = sourcecode.swift; path = ViewController.swift; sourceTree = "<group>"; };
		EC292FD32CE7A6A500E9C8A3 /* LabelSliderView.swift */ = {isa = PBXFileReference; lastKnownFileType = sourcecode.swift; path = LabelSliderView.swift; sourceTree = "<group>"; };
		EC292FD52CE7A6A500E9C8A3 /* AppDelegate.swift */ = {isa = PBXFileReference; lastKnownFileType = sourcecode.swift; path = AppDelegate.swift; sourceTree = "<group>"; };
		EC292FD62CE7A6A500E9C8A3 /* Assets.xcassets */ = {isa = PBXFileReference; lastKnownFileType = folder.assetcatalog; path = Assets.xcassets; sourceTree = "<group>"; };
		EC292FD72CE7A6A500E9C8A3 /* Info.plist */ = {isa = PBXFileReference; lastKnownFileType = text.plist.xml; path = Info.plist; sourceTree = "<group>"; };
		EC292FD82CE7A6A500E9C8A3 /* Base */ = {isa = PBXFileReference; lastKnownFileType = file.storyboard; name = Base; path = Base.lproj/LaunchScreen.storyboard; sourceTree = "<group>"; };
		EC292FDA2CE7A6A500E9C8A3 /* SceneDelegate.swift */ = {isa = PBXFileReference; lastKnownFileType = sourcecode.swift; path = SceneDelegate.swift; sourceTree = "<group>"; };
		EC292FDB2CE7A6A500E9C8A3 /* UIView+AddSubviews.swift */ = {isa = PBXFileReference; lastKnownFileType = sourcecode.swift; path = "UIView+AddSubviews.swift"; sourceTree = "<group>"; };
		ECD839A52CD52A2D00A30BDA /* BMiCalculator.app */ = {isa = PBXFileReference; explicitFileType = wrapper.application; includeInIndex = 0; path = BMiCalculator.app; sourceTree = BUILT_PRODUCTS_DIR; };
/* End PBXFileReference section */

/* Begin PBXFrameworksBuildPhase section */
		ECD839A22CD52A2D00A30BDA /* Frameworks */ = {
			isa = PBXFrameworksBuildPhase;
			buildActionMask = 2147483647;
			files = (
			);
			runOnlyForDeploymentPostprocessing = 0;
		};
/* End PBXFrameworksBuildPhase section */

/* Begin PBXGroup section */
		EC292FD22CE7A6A500E9C8A3 /* Controller */ = {
			isa = PBXGroup;
			children = (
				EC292FD12CE7A6A500E9C8A3 /* ViewController.swift */,
			);
			path = Controller;
			sourceTree = "<group>";
		};
		EC292FD42CE7A6A500E9C8A3 /* View */ = {
			isa = PBXGroup;
			children = (
				EC292FD32CE7A6A500E9C8A3 /* LabelSliderView.swift */,
			);
			path = View;
			sourceTree = "<group>";
		};
		EC292FDC2CE7A6A500E9C8A3 /* BMiCalculator */ = {
			isa = PBXGroup;
			children = (
				EC292FD22CE7A6A500E9C8A3 /* Controller */,
				EC292FD42CE7A6A500E9C8A3 /* View */,
				EC292FD52CE7A6A500E9C8A3 /* AppDelegate.swift */,
				EC292FD62CE7A6A500E9C8A3 /* Assets.xcassets */,
				EC292FD72CE7A6A500E9C8A3 /* Info.plist */,
				EC292FD92CE7A6A500E9C8A3 /* LaunchScreen.storyboard */,
				EC292FDA2CE7A6A500E9C8A3 /* SceneDelegate.swift */,
				EC292FDB2CE7A6A500E9C8A3 /* UIView+AddSubviews.swift */,
			);
			path = BMiCalculator;
			sourceTree = "<group>";
		};
		ECD8399C2CD52A2D00A30BDA = {
			isa = PBXGroup;
			children = (
				EC292FDC2CE7A6A500E9C8A3 /* BMiCalculator */,
				ECD839A62CD52A2D00A30BDA /* Products */,
			);
			sourceTree = "<group>";
		};
		ECD839A62CD52A2D00A30BDA /* Products */ = {
			isa = PBXGroup;
			children = (
				ECD839A52CD52A2D00A30BDA /* BMiCalculator.app */,
			);
			name = Products;
			sourceTree = "<group>";
		};
/* End PBXGroup section */

/* Begin PBXNativeTarget section */
		ECD839A42CD52A2D00A30BDA /* BMiCalculator */ = {
			isa = PBXNativeTarget;
			buildConfigurationList = ECD839B82CD52A2F00A30BDA /* Build configuration list for PBXNativeTarget "BMiCalculator" */;
			buildPhases = (
				ECD839A12CD52A2D00A30BDA /* Sources */,
				ECD839A22CD52A2D00A30BDA /* Frameworks */,
				ECD839A32CD52A2D00A30BDA /* Resources */,
			);
			buildRules = (
			);
			dependencies = (
			);
			name = BMiCalculator;
			packageProductDependencies = (
			);
			productName = BMiCalculator;
			productReference = ECD839A52CD52A2D00A30BDA /* BMiCalculator.app */;
			productType = "com.apple.product-type.application";
		};
/* End PBXNativeTarget section */

/* Begin PBXProject section */
		ECD8399D2CD52A2D00A30BDA /* Project object */ = {
			isa = PBXProject;
			attributes = {
				BuildIndependentTargetsInParallel = 1;
				LastSwiftUpdateCheck = 1610;
				LastUpgradeCheck = 1610;
				TargetAttributes = {
					ECD839A42CD52A2D00A30BDA = {
						CreatedOnToolsVersion = 16.1;
					};
				};
			};
			buildConfigurationList = ECD839A02CD52A2D00A30BDA /* Build configuration list for PBXProject "BMiCalculator" */;
			compatibilityVersion = "Xcode 14.0";
			developmentRegion = en;
			hasScannedForEncodings = 0;
			knownRegions = (
				en,
				Base,
			);
			mainGroup = ECD8399C2CD52A2D00A30BDA;
			minimizedProjectReferenceProxies = 1;
			productRefGroup = ECD839A62CD52A2D00A30BDA /* Products */;
			projectDirPath = "";
			projectRoot = "";
			targets = (
				ECD839A42CD52A2D00A30BDA /* BMiCalculator */,
			);
		};
/* End PBXProject section */

/* Begin PBXResourcesBuildPhase section */
		ECD839A32CD52A2D00A30BDA /* Resources */ = {
			isa = PBXResourcesBuildPhase;
			buildActionMask = 2147483647;
			files = (
				EC292FE22CE7A6A500E9C8A3 /* Assets.xcassets in Resources */,
				EC292FE42CE7A6A500E9C8A3 /* LaunchScreen.storyboard in Resources */,
			);
			runOnlyForDeploymentPostprocessing = 0;
		};
/* End PBXResourcesBuildPhase section */

/* Begin PBXSourcesBuildPhase section */
		ECD839A12CD52A2D00A30BDA /* Sources */ = {
			isa = PBXSourcesBuildPhase;
			buildActionMask = 2147483647;
			files = (
				EC292FDD2CE7A6A500E9C8A3 /* ViewController.swift in Sources */,
				EC292FDE2CE7A6A500E9C8A3 /* LabelSliderView.swift in Sources */,
				EC292FDF2CE7A6A500E9C8A3 /* AppDelegate.swift in Sources */,
				EC292FE02CE7A6A500E9C8A3 /* SceneDelegate.swift in Sources */,
				EC292FE12CE7A6A500E9C8A3 /* UIView+AddSubviews.swift in Sources */,
			);
			runOnlyForDeploymentPostprocessing = 0;
		};
/* End PBXSourcesBuildPhase section */

/* Begin PBXVariantGroup section */
		EC292FD92CE7A6A500E9C8A3 /* LaunchScreen.storyboard */ = {
			isa = PBXVariantGroup;
			children = (
				EC292FD82CE7A6A500E9C8A3 /* Base */,
			);
			name = LaunchScreen.storyboard;
			sourceTree = "<group>";
		};
/* End PBXVariantGroup section */

/* Begin XCBuildConfiguration section */
		ECD839B92CD52A2F00A30BDA /* Debug */ = {
			isa = XCBuildConfiguration;
			buildSettings = {
				ASSETCATALOG_COMPILER_APPICON_NAME = AppIcon;
				ASSETCATALOG_COMPILER_GLOBAL_ACCENT_COLOR_NAME = AccentColor;
				CODE_SIGN_STYLE = Automatic;
				CURRENT_PROJECT_VERSION = 1;
				DEVELOPMENT_TEAM = X6KB2A8YM9;
				GENERATE_INFOPLIST_FILE = YES;
				INFOPLIST_FILE = BMiCalculator/Info.plist;
				INFOPLIST_KEY_UIApplicationSupportsIndirectInputEvents = YES;
				INFOPLIST_KEY_UILaunchStoryboardName = LaunchScreen;
				INFOPLIST_KEY_UISupportedInterfaceOrientations_iPad = "UIInterfaceOrientationPortrait UIInterfaceOrientationPortraitUpsideDown UIInterfaceOrientationLandscapeLeft UIInterfaceOrientationLandscapeRight";
				INFOPLIST_KEY_UISupportedInterfaceOrientations_iPhone = "UIInterfaceOrientationPortrait UIInterfaceOrientationLandscapeLeft UIInterfaceOrientationLandscapeRight";
				LD_RUNPATH_SEARCH_PATHS = (
					"$(inherited)",
					"@executable_path/Frameworks",
				);
				MARKETING_VERSION = 1.0;
				PRODUCT_BUNDLE_IDENTIFIER = io.raynelz.ru.BMiCalculator;
				PRODUCT_NAME = "$(TARGET_NAME)";
				SWIFT_EMIT_LOC_STRINGS = YES;
				SWIFT_VERSION = 5.0;
				TARGETED_DEVICE_FAMILY = "1,2";
			};
			name = Debug;
		};
		ECD839BA2CD52A2F00A30BDA /* Release */ = {
			isa = XCBuildConfiguration;
			buildSettings = {
				ASSETCATALOG_COMPILER_APPICON_NAME = AppIcon;
				ASSETCATALOG_COMPILER_GLOBAL_ACCENT_COLOR_NAME = AccentColor;
				CODE_SIGN_STYLE = Automatic;
				CURRENT_PROJECT_VERSION = 1;
				DEVELOPMENT_TEAM = X6KB2A8YM9;
				GENERATE_INFOPLIST_FILE = YES;
				INFOPLIST_FILE = BMiCalculator/Info.plist;
				INFOPLIST_KEY_UIApplicationSupportsIndirectInputEvents = YES;
				INFOPLIST_KEY_UILaunchStoryboardName = LaunchScreen;
				INFOPLIST_KEY_UISupportedInterfaceOrientations_iPad = "UIInterfaceOrientationPortrait UIInterfaceOrientationPortraitUpsideDown UIInterfaceOrientationLandscapeLeft UIInterfaceOrientationLandscapeRight";
				INFOPLIST_KEY_UISupportedInterfaceOrientations_iPhone = "UIInterfaceOrientationPortrait UIInterfaceOrientationLandscapeLeft UIInterfaceOrientationLandscapeRight";
				LD_RUNPATH_SEARCH_PATHS = (
					"$(inherited)",
					"@executable_path/Frameworks",
				);
				MARKETING_VERSION = 1.0;
				PRODUCT_BUNDLE_IDENTIFIER = io.raynelz.ru.BMiCalculator;
				PRODUCT_NAME = "$(TARGET_NAME)";
				SWIFT_EMIT_LOC_STRINGS = YES;
				SWIFT_VERSION = 5.0;
				TARGETED_DEVICE_FAMILY = "1,2";
			};
			name = Release;
		};
		ECD839BB2CD52A2F00A30BDA /* Debug */ = {
			isa = XCBuildConfiguration;
			buildSettings = {
				ALWAYS_SEARCH_USER_PATHS = NO;
				ASSETCATALOG_COMPILER_GENERATE_SWIFT_ASSET_SYMBOL_EXTENSIONS = YES;
				CLANG_ANALYZER_NONNULL = YES;
				CLANG_ANALYZER_NUMBER_OBJECT_CONVERSION = YES_AGGRESSIVE;
				CLANG_CXX_LANGUAGE_STANDARD = "gnu++20";
				CLANG_ENABLE_MODULES = YES;
				CLANG_ENABLE_OBJC_ARC = YES;
				CLANG_ENABLE_OBJC_WEAK = YES;
				CLANG_WARN_BLOCK_CAPTURE_AUTORELEASING = YES;
				CLANG_WARN_BOOL_CONVERSION = YES;
				CLANG_WARN_COMMA = YES;
				CLANG_WARN_CONSTANT_CONVERSION = YES;
				CLANG_WARN_DEPRECATED_OBJC_IMPLEMENTATIONS = YES;
				CLANG_WARN_DIRECT_OBJC_ISA_USAGE = YES_ERROR;
				CLANG_WARN_DOCUMENTATION_COMMENTS = YES;
				CLANG_WARN_EMPTY_BODY = YES;
				CLANG_WARN_ENUM_CONVERSION = YES;
				CLANG_WARN_INFINITE_RECURSION = YES;
				CLANG_WARN_INT_CONVERSION = YES;
				CLANG_WARN_NON_LITERAL_NULL_CONVERSION = YES;
				CLANG_WARN_OBJC_IMPLICIT_RETAIN_SELF = YES;
				CLANG_WARN_OBJC_LITERAL_CONVERSION = YES;
				CLANG_WARN_OBJC_ROOT_CLASS = YES_ERROR;
				CLANG_WARN_QUOTED_INCLUDE_IN_FRAMEWORK_HEADER = YES;
				CLANG_WARN_RANGE_LOOP_ANALYSIS = YES;
				CLANG_WARN_STRICT_PROTOTYPES = YES;
				CLANG_WARN_SUSPICIOUS_MOVE = YES;
				CLANG_WARN_UNGUARDED_AVAILABILITY = YES_AGGRESSIVE;
				CLANG_WARN_UNREACHABLE_CODE = YES;
				CLANG_WARN__DUPLICATE_METHOD_MATCH = YES;
				COPY_PHASE_STRIP = NO;
				DEBUG_INFORMATION_FORMAT = dwarf;
				ENABLE_STRICT_OBJC_MSGSEND = YES;
				ENABLE_TESTABILITY = YES;
				ENABLE_USER_SCRIPT_SANDBOXING = YES;
				GCC_C_LANGUAGE_STANDARD = gnu17;
				GCC_DYNAMIC_NO_PIC = NO;
				GCC_NO_COMMON_BLOCKS = YES;
				GCC_OPTIMIZATION_LEVEL = 0;
				GCC_PREPROCESSOR_DEFINITIONS = (
					"DEBUG=1",
					"$(inherited)",
				);
				GCC_WARN_64_TO_32_BIT_CONVERSION = YES;
				GCC_WARN_ABOUT_RETURN_TYPE = YES_ERROR;
				GCC_WARN_UNDECLARED_SELECTOR = YES;
				GCC_WARN_UNINITIALIZED_AUTOS = YES_AGGRESSIVE;
				GCC_WARN_UNUSED_FUNCTION = YES;
				GCC_WARN_UNUSED_VARIABLE = YES;
				IPHONEOS_DEPLOYMENT_TARGET = 18.1;
				LOCALIZATION_PREFERS_STRING_CATALOGS = YES;
				MTL_ENABLE_DEBUG_INFO = INCLUDE_SOURCE;
				MTL_FAST_MATH = YES;
				ONLY_ACTIVE_ARCH = YES;
				SDKROOT = iphoneos;
				SWIFT_ACTIVE_COMPILATION_CONDITIONS = "DEBUG $(inherited)";
				SWIFT_OPTIMIZATION_LEVEL = "-Onone";
			};
			name = Debug;
		};
		ECD839BC2CD52A2F00A30BDA /* Release */ = {
			isa = XCBuildConfiguration;
			buildSettings = {
				ALWAYS_SEARCH_USER_PATHS = NO;
				ASSETCATALOG_COMPILER_GENERATE_SWIFT_ASSET_SYMBOL_EXTENSIONS = YES;
				CLANG_ANALYZER_NONNULL = YES;
				CLANG_ANALYZER_NUMBER_OBJECT_CONVERSION = YES_AGGRESSIVE;
				CLANG_CXX_LANGUAGE_STANDARD = "gnu++20";
				CLANG_ENABLE_MODULES = YES;
				CLANG_ENABLE_OBJC_ARC = YES;
				CLANG_ENABLE_OBJC_WEAK = YES;
				CLANG_WARN_BLOCK_CAPTURE_AUTORELEASING = YES;
				CLANG_WARN_BOOL_CONVERSION = YES;
				CLANG_WARN_COMMA = YES;
				CLANG_WARN_CONSTANT_CONVERSION = YES;
				CLANG_WARN_DEPRECATED_OBJC_IMPLEMENTATIONS = YES;
				CLANG_WARN_DIRECT_OBJC_ISA_USAGE = YES_ERROR;
				CLANG_WARN_DOCUMENTATION_COMMENTS = YES;
				CLANG_WARN_EMPTY_BODY = YES;
				CLANG_WARN_ENUM_CONVERSION = YES;
				CLANG_WARN_INFINITE_RECURSION = YES;
				CLANG_WARN_INT_CONVERSION = YES;
				CLANG_WARN_NON_LITERAL_NULL_CONVERSION = YES;
				CLANG_WARN_OBJC_IMPLICIT_RETAIN_SELF = YES;
				CLANG_WARN_OBJC_LITERAL_CONVERSION = YES;
				CLANG_WARN_OBJC_ROOT_CLASS = YES_ERROR;
				CLANG_WARN_QUOTED_INCLUDE_IN_FRAMEWORK_HEADER = YES;
				CLANG_WARN_RANGE_LOOP_ANALYSIS = YES;
				CLANG_WARN_STRICT_PROTOTYPES = YES;
				CLANG_WARN_SUSPICIOUS_MOVE = YES;
				CLANG_WARN_UNGUARDED_AVAILABILITY = YES_AGGRESSIVE;
				CLANG_WARN_UNREACHABLE_CODE = YES;
				CLANG_WARN__DUPLICATE_METHOD_MATCH = YES;
				COPY_PHASE_STRIP = NO;
				DEBUG_INFORMATION_FORMAT = "dwarf-with-dsym";
				ENABLE_NS_ASSERTIONS = NO;
				ENABLE_STRICT_OBJC_MSGSEND = YES;
				ENABLE_USER_SCRIPT_SANDBOXING = YES;
				GCC_C_LANGUAGE_STANDARD = gnu17;
				GCC_NO_COMMON_BLOCKS = YES;
				GCC_WARN_64_TO_32_BIT_CONVERSION = YES;
				GCC_WARN_ABOUT_RETURN_TYPE = YES_ERROR;
				GCC_WARN_UNDECLARED_SELECTOR = YES;
				GCC_WARN_UNINITIALIZED_AUTOS = YES_AGGRESSIVE;
				GCC_WARN_UNUSED_FUNCTION = YES;
				GCC_WARN_UNUSED_VARIABLE = YES;
				IPHONEOS_DEPLOYMENT_TARGET = 18.1;
				LOCALIZATION_PREFERS_STRING_CATALOGS = YES;
				MTL_ENABLE_DEBUG_INFO = NO;
				MTL_FAST_MATH = YES;
				SDKROOT = iphoneos;
				SWIFT_COMPILATION_MODE = wholemodule;
				VALIDATE_PRODUCT = YES;
			};
			name = Release;
		};
/* End XCBuildConfiguration section */

/* Begin XCConfigurationList section */
		ECD839A02CD52A2D00A30BDA /* Build configuration list for PBXProject "BMiCalculator" */ = {
			isa = XCConfigurationList;
			buildConfigurations = (
				ECD839BB2CD52A2F00A30BDA /* Debug */,
				ECD839BC2CD52A2F00A30BDA /* Release */,
			);
			defaultConfigurationIsVisible = 0;
			defaultConfigurationName = Release;
		};
		ECD839B82CD52A2F00A30BDA /* Build configuration list for PBXNativeTarget "BMiCalculator" */ = {
			isa = XCConfigurationList;
			buildConfigurations = (
				ECD839B92CD52A2F00A30BDA /* Debug */,
				ECD839BA2CD52A2F00A30BDA /* Release */,
			);
			defaultConfigurationIsVisible = 0;
			defaultConfigurationName = Release;
		};
/* End XCConfigurationList section */
	};
	rootObject = ECD8399D2CD52A2D00A30BDA /* Project object */;
}
